Microsoft Visual Studio Solution File, Format Version 12.00
# Visual Studio Version 17
VisualStudioVersion = 17.5.2.0
MinimumVisualStudioVersion = 10.0.40219.1
Project("{2150E333-8FDC-42A3-9474-1A3956D46DE8}") = "09-05-26Assesmentfinal", "09-05-26Assesmentfinal", "{CC4FB084-BECF-DAF0-5E22-C2FC2B59CD4B}"
EndProject
Project("{FAE04EC0-301F-11D3-BF4B-00C04F79EFBC}") = "FoodOrderingSystem", "09-05-26Assesmentfinal\FoodOrderingSystem\FoodOrderingSystem.csproj", "{43075C99-3982-FAA1-EF9E-DFA5EF66A96E}"
EndProject
Global
	GlobalSection(SolutionConfigurationPlatforms) = preSolution
		Debug|Any CPU = Debug|Any CPU
		Release|Any CPU = Release|Any CPU
	EndGlobalSection
	GlobalSection(ProjectConfigurationPlatforms) = postSolution
		{43075C99-3982-FAA1-EF9E-DFA5EF66A96E}.Debug|Any CPU.ActiveCfg = Debug|Any CPU
		{43075C99-3982-FAA1-EF9E-DFA5EF66A96E}.Debug|Any CPU.Build.0 = Debug|Any CPU
		{43075C99-3982-FAA1-EF9E-DFA5EF66A96E}.Release|Any CPU.ActiveCfg = Release|Any CPU
		{43075C99-3982-FAA1-EF9E-DFA5EF66A96E}.Release|Any CPU.Build.0 = Release|Any CPU
	EndGlobalSection
	GlobalSection(SolutionProperties) = preSolution
		HideSolutionNode = FALSE
	EndGlobalSection
	GlobalSection(NestedProjects) = preSolution
		{43075C99-3982-FAA1-EF9E-DFA5EF66A96E} = {CC4FB084-BECF-DAF0-5E22-C2FC2B59CD4B}
	EndGlobalSection
	GlobalSection(ExtensibilityGlobals) = postSolution
		SolutionGuid = {48FE7A3F-2AC2-4555-A9F9-39891E9AC75F}
	EndGlobalSection
EndGlobal
