Microsoft Visual Studio Solution File, Format Version 12.00
# Visual Studio Version 17
VisualStudioVersion = 17.5.2.0
MinimumVisualStudioVersion = 10.0.40219.1
Project("{FAE04EC0-301F-11D3-BF4B-00C04F79EFBC}") = "28-02-26", "28-02-26.csproj", "{5229B40C-A59D-7AF3-D574-576E74F7E7CC}"
EndProject
Global
	GlobalSection(SolutionConfigurationPlatforms) = preSolution
		Debug|Any CPU = Debug|Any CPU
		Release|Any CPU = Release|Any CPU
	EndGlobalSection
	GlobalSection(ProjectConfigurationPlatforms) = postSolution
		{5229B40C-A59D-7AF3-D574-576E74F7E7CC}.Debug|Any CPU.ActiveCfg = Debug|Any CPU
		{5229B40C-A59D-7AF3-D574-576E74F7E7CC}.Debug|Any CPU.Build.0 = Debug|Any CPU
		{5229B40C-A59D-7AF3-D574-576E74F7E7CC}.Release|Any CPU.ActiveCfg = Release|Any CPU
		{5229B40C-A59D-7AF3-D574-576E74F7E7CC}.Release|Any CPU.Build.0 = Release|Any CPU
	EndGlobalSection
	GlobalSection(SolutionProperties) = preSolution
		HideSolutionNode = FALSE
	EndGlobalSection
	GlobalSection(ExtensibilityGlobals) = postSolution
		SolutionGuid = {353DF030-114E-41D7-8725-4DBFED35AAF7}
	EndGlobalSection
EndGlobal
